
Microsoft Visual Studio Solution File, Format Version 12.00
# Visual Studio Version 16
VisualStudioVersion = 16.0.30011.22
MinimumVisualStudioVersion = 10.0.40219.1
Project("{FAE04EC0-301F-11D3-BF4B-00C04F79EFBC}") = "ExpenseWeb", "ExpenseWeb.csproj", "{B2802DAD-8531-4676-8529-2CCC20EB0813}"
EndProject
Global
	GlobalSection(SolutionConfigurationPlatforms) = preSolution
		Debug|Any CPU = Debug|Any CPU
		Release|Any CPU = Release|Any CPU
	EndGlobalSection
	GlobalSection(ProjectConfigurationPlatforms) = postSolution
		{B2802DAD-8531-4676-8529-2CCC20EB0813}.Debug|Any CPU.ActiveCfg = Debug|Any CPU
		{B2802DAD-8531-4676-8529-2CCC20EB0813}.Debug|Any CPU.Build.0 = Debug|Any CPU
		{B2802DAD-8531-4676-8529-2CCC20EB0813}.Release|Any CPU.ActiveCfg = Release|Any CPU
		{B2802DAD-8531-4676-8529-2CCC20EB0813}.Release|Any CPU.Build.0 = Release|Any CPU
	EndGlobalSection
	GlobalSection(SolutionProperties) = preSolution
		HideSolutionNode = FALSE
	EndGlobalSection
	GlobalSection(ExtensibilityGlobals) = postSolution
		SolutionGuid = {A019232A-9374-4315-98F8-7602A8F41F58}
	EndGlobalSection
EndGlobal
